
Microsoft Visual Studio Solution File, Format Version 12.00
# Visual Studio Version 17
VisualStudioVersion = 17.11.35312.102
MinimumVisualStudioVersion = 10.0.40219.1
Project("{FAE04EC0-301F-11D3-BF4B-00C04F79EFBC}") = "Projekt_Zaliczenie", "Projekt_Zaliczenie\Projekt_Zaliczenie.csproj", "{B2AFC104-63C0-4AB3-A2A5-84968461C3A0}"
EndProject
Global
	GlobalSection(SolutionConfigurationPlatforms) = preSolution
		Debug|Any CPU = Debug|Any CPU
		Release|Any CPU = Release|Any CPU
	EndGlobalSection
	GlobalSection(ProjectConfigurationPlatforms) = postSolution
		{B2AFC104-63C0-4AB3-A2A5-84968461C3A0}.Debug|Any CPU.ActiveCfg = Debug|Any CPU
		{B2AFC104-63C0-4AB3-A2A5-84968461C3A0}.Debug|Any CPU.Build.0 = Debug|Any CPU
		{B2AFC104-63C0-4AB3-A2A5-84968461C3A0}.Release|Any CPU.ActiveCfg = Release|Any CPU
		{B2AFC104-63C0-4AB3-A2A5-84968461C3A0}.Release|Any CPU.Build.0 = Release|Any CPU
	EndGlobalSection
	GlobalSection(SolutionProperties) = preSolution
		HideSolutionNode = FALSE
	EndGlobalSection
	GlobalSection(ExtensibilityGlobals) = postSolution
		SolutionGuid = {B7A64D51-4B8A-4B8A-B7EF-11BAB3E6E9E0}
	EndGlobalSection
EndGlobal
